// !$*UTF8*$!
{
	archiveVersion = 1;
	classes = {
	};
	objectVersion = 56;
	objects = {

/* Begin PBXBuildFile section */
		B5478B3D29772303006E08F7 /* PokemonDetailsFeature in Frameworks */ = {isa = PBXBuildFile; productRef = B5478B3C29772303006E08F7 /* PokemonDetailsFeature */; };
		B577E6002971BCF7005216E3 /* PokemonAPI in Frameworks */ = {isa = PBXBuildFile; productRef = B577E5FF2971BCF7005216E3 /* PokemonAPI */; };
		B5892B0B29715A0F00355305 /* AppDelegate.swift in Sources */ = {isa = PBXBuildFile; fileRef = B5892B0A29715A0F00355305 /* AppDelegate.swift */; };
		B5892B0D29715A0F00355305 /* SceneDelegate.swift in Sources */ = {isa = PBXBuildFile; fileRef = B5892B0C29715A0F00355305 /* SceneDelegate.swift */; };
		B5892B0F29715A0F00355305 /* ViewController.swift in Sources */ = {isa = PBXBuildFile; fileRef = B5892B0E29715A0F00355305 /* ViewController.swift */; };
		B5892B1429715A1000355305 /* Assets.xcassets in Resources */ = {isa = PBXBuildFile; fileRef = B5892B1329715A1000355305 /* Assets.xcassets */; };
		B5892B1729715A1000355305 /* LaunchScreen.storyboard in Resources */ = {isa = PBXBuildFile; fileRef = B5892B1529715A1000355305 /* LaunchScreen.storyboard */; };
		B5892B2229715A1000355305 /* PokemonTests.swift in Sources */ = {isa = PBXBuildFile; fileRef = B5892B2129715A1000355305 /* PokemonTests.swift */; };
		B5892B2C29715A1000355305 /* PokemonUITests.swift in Sources */ = {isa = PBXBuildFile; fileRef = B5892B2B29715A1000355305 /* PokemonUITests.swift */; };
		B5892B2E29715A1000355305 /* PokemonUITestsLaunchTests.swift in Sources */ = {isa = PBXBuildFile; fileRef = B5892B2D29715A1000355305 /* PokemonUITestsLaunchTests.swift */; };
		B591AE16297602A900248492 /* PokemonDomain in Frameworks */ = {isa = PBXBuildFile; productRef = B591AE15297602A900248492 /* PokemonDomain */; };
		B591AE18297602A900248492 /* PokemonListFeature in Frameworks */ = {isa = PBXBuildFile; productRef = B591AE17297602A900248492 /* PokemonListFeature */; };
		B591AE1A297602EC00248492 /* Adapters.swift in Sources */ = {isa = PBXBuildFile; fileRef = B591AE19297602EC00248492 /* Adapters.swift */; };
/* End PBXBuildFile section */

/* Begin PBXContainerItemProxy section */
		B5892B1E29715A1000355305 /* PBXContainerItemProxy */ = {
			isa = PBXContainerItemProxy;
			containerPortal = B5892AFF29715A0F00355305 /* Project object */;
			proxyType = 1;
			remoteGlobalIDString = B5892B0629715A0F00355305;
			remoteInfo = Pokemon;
		};
		B5892B2829715A1000355305 /* PBXContainerItemProxy */ = {
			isa = PBXContainerItemProxy;
			containerPortal = B5892AFF29715A0F00355305 /* Project object */;
			proxyType = 1;
			remoteGlobalIDString = B5892B0629715A0F00355305;
			remoteInfo = Pokemon;
		};
/* End PBXContainerItemProxy section */

/* Begin PBXFileReference section */
		B553EE0F2976124900FBC79F /* SharedUI */ = {isa = PBXFileReference; lastKnownFileType = wrapper; path = SharedUI; sourceTree = "<group>"; };
		B56B01122976187E00A51F49 /* PokemonDetailsFeature */ = {isa = PBXFileReference; lastKnownFileType = wrapper; path = PokemonDetailsFeature; sourceTree = "<group>"; };
		B577E6012971C18D005216E3 /* PokemonListFeature */ = {isa = PBXFileReference; lastKnownFileType = wrapper; path = PokemonListFeature; sourceTree = "<group>"; };
		B5892B0729715A0F00355305 /* Pokemon.app */ = {isa = PBXFileReference; explicitFileType = wrapper.application; includeInIndex = 0; path = Pokemon.app; sourceTree = BUILT_PRODUCTS_DIR; };
		B5892B0A29715A0F00355305 /* AppDelegate.swift */ = {isa = PBXFileReference; lastKnownFileType = sourcecode.swift; path = AppDelegate.swift; sourceTree = "<group>"; };
		B5892B0C29715A0F00355305 /* SceneDelegate.swift */ = {isa = PBXFileReference; lastKnownFileType = sourcecode.swift; path = SceneDelegate.swift; sourceTree = "<group>"; };
		B5892B0E29715A0F00355305 /* ViewController.swift */ = {isa = PBXFileReference; lastKnownFileType = sourcecode.swift; path = ViewController.swift; sourceTree = "<group>"; };
		B5892B1329715A1000355305 /* Assets.xcassets */ = {isa = PBXFileReference; lastKnownFileType = folder.assetcatalog; path = Assets.xcassets; sourceTree = "<group>"; };
		B5892B1629715A1000355305 /* Base */ = {isa = PBXFileReference; lastKnownFileType = file.storyboard; name = Base; path = Base.lproj/LaunchScreen.storyboard; sourceTree = "<group>"; };
		B5892B1829715A1000355305 /* Info.plist */ = {isa = PBXFileReference; lastKnownFileType = text.plist.xml; path = Info.plist; sourceTree = "<group>"; };
		B5892B1D29715A1000355305 /* PokemonTests.xctest */ = {isa = PBXFileReference; explicitFileType = wrapper.cfbundle; includeInIndex = 0; path = PokemonTests.xctest; sourceTree = BUILT_PRODUCTS_DIR; };
		B5892B2129715A1000355305 /* PokemonTests.swift */ = {isa = PBXFileReference; lastKnownFileType = sourcecode.swift; path = PokemonTests.swift; sourceTree = "<group>"; };
		B5892B2729715A1000355305 /* PokemonUITests.xctest */ = {isa = PBXFileReference; explicitFileType = wrapper.cfbundle; includeInIndex = 0; path = PokemonUITests.xctest; sourceTree = BUILT_PRODUCTS_DIR; };
		B5892B2B29715A1000355305 /* PokemonUITests.swift */ = {isa = PBXFileReference; lastKnownFileType = sourcecode.swift; path = PokemonUITests.swift; sourceTree = "<group>"; };
		B5892B2D29715A1000355305 /* PokemonUITestsLaunchTests.swift */ = {isa = PBXFileReference; lastKnownFileType = sourcecode.swift; path = PokemonUITestsLaunchTests.swift; sourceTree = "<group>"; };
		B58FCFA22971603E003FCCD1 /* PokemonAPI */ = {isa = PBXFileReference; lastKnownFileType = wrapper; path = PokemonAPI; sourceTree = "<group>"; };
		B591AE142975F1F500248492 /* SharedTestHelpers */ = {isa = PBXFileReference; lastKnownFileType = wrapper; path = SharedTestHelpers; sourceTree = "<group>"; };
		B591AE19297602EC00248492 /* Adapters.swift */ = {isa = PBXFileReference; lastKnownFileType = sourcecode.swift; path = Adapters.swift; sourceTree = "<group>"; };
		B5F048122974B35E0075B840 /* PokemonDomain */ = {isa = PBXFileReference; lastKnownFileType = wrapper; path = PokemonDomain; sourceTree = "<group>"; };
/* End PBXFileReference section */

/* Begin PBXFrameworksBuildPhase section */
		B5892B0429715A0F00355305 /* Frameworks */ = {
			isa = PBXFrameworksBuildPhase;
			buildActionMask = 2147483647;
			files = (
				B5478B3D29772303006E08F7 /* PokemonDetailsFeature in Frameworks */,
				B591AE16297602A900248492 /* PokemonDomain in Frameworks */,
				B591AE18297602A900248492 /* PokemonListFeature in Frameworks */,
				B577E6002971BCF7005216E3 /* PokemonAPI in Frameworks */,
			);
			runOnlyForDeploymentPostprocessing = 0;
		};
		B5892B1A29715A1000355305 /* Frameworks */ = {
			isa = PBXFrameworksBuildPhase;
			buildActionMask = 2147483647;
			files = (
			);
			runOnlyForDeploymentPostprocessing = 0;
		};
		B5892B2429715A1000355305 /* Frameworks */ = {
			isa = PBXFrameworksBuildPhase;
			buildActionMask = 2147483647;
			files = (
			);
			runOnlyForDeploymentPostprocessing = 0;
		};
/* End PBXFrameworksBuildPhase section */

/* Begin PBXGroup section */
		B577E5FE2971BCF7005216E3 /* Frameworks */ = {
			isa = PBXGroup;
			children = (
			);
			name = Frameworks;
			sourceTree = "<group>";
		};
		B5892AFE29715A0F00355305 = {
			isa = PBXGroup;
			children = (
				B56B01122976187E00A51F49 /* PokemonDetailsFeature */,
				B553EE0F2976124900FBC79F /* SharedUI */,
				B591AE142975F1F500248492 /* SharedTestHelpers */,
				B5F048122974B35E0075B840 /* PokemonDomain */,
				B577E6012971C18D005216E3 /* PokemonListFeature */,
				B58FCFA22971603E003FCCD1 /* PokemonAPI */,
				B5892B0929715A0F00355305 /* Pokemon */,
				B5892B2029715A1000355305 /* PokemonTests */,
				B5892B2A29715A1000355305 /* PokemonUITests */,
				B5892B0829715A0F00355305 /* Products */,
				B577E5FE2971BCF7005216E3 /* Frameworks */,
			);
			sourceTree = "<group>";
		};
		B5892B0829715A0F00355305 /* Products */ = {
			isa = PBXGroup;
			children = (
				B5892B0729715A0F00355305 /* Pokemon.app */,
				B5892B1D29715A1000355305 /* PokemonTests.xctest */,
				B5892B2729715A1000355305 /* PokemonUITests.xctest */,
			);
			name = Products;
			sourceTree = "<group>";
		};
		B5892B0929715A0F00355305 /* Pokemon */ = {
			isa = PBXGroup;
			children = (
				B5892B0A29715A0F00355305 /* AppDelegate.swift */,
				B5892B0C29715A0F00355305 /* SceneDelegate.swift */,
				B5892B0E29715A0F00355305 /* ViewController.swift */,
				B5892B1329715A1000355305 /* Assets.xcassets */,
				B5892B1529715A1000355305 /* LaunchScreen.storyboard */,
				B5892B1829715A1000355305 /* Info.plist */,
				B591AE19297602EC00248492 /* Adapters.swift */,
			);
			path = Pokemon;
			sourceTree = "<group>";
		};
		B5892B2029715A1000355305 /* PokemonTests */ = {
			isa = PBXGroup;
			children = (
				B5892B2129715A1000355305 /* PokemonTests.swift */,
			);
			path = PokemonTests;
			sourceTree = "<group>";
		};
		B5892B2A29715A1000355305 /* PokemonUITests */ = {
			isa = PBXGroup;
			children = (
				B5892B2B29715A1000355305 /* PokemonUITests.swift */,
				B5892B2D29715A1000355305 /* PokemonUITestsLaunchTests.swift */,
			);
			path = PokemonUITests;
			sourceTree = "<group>";
		};
/* End PBXGroup section */

/* Begin PBXNativeTarget section */
		B5892B0629715A0F00355305 /* Pokemon */ = {
			isa = PBXNativeTarget;
			buildConfigurationList = B5892B3129715A1000355305 /* Build configuration list for PBXNativeTarget "Pokemon" */;
			buildPhases = (
				B5892B0329715A0F00355305 /* Sources */,
				B5892B0429715A0F00355305 /* Frameworks */,
				B5892B0529715A0F00355305 /* Resources */,
			);
			buildRules = (
			);
			dependencies = (
			);
			name = Pokemon;
			packageProductDependencies = (
				B577E5FF2971BCF7005216E3 /* PokemonAPI */,
				B591AE15297602A900248492 /* PokemonDomain */,
				B591AE17297602A900248492 /* PokemonListFeature */,
				B5478B3C29772303006E08F7 /* PokemonDetailsFeature */,
			);
			productName = Pokemon;
			productReference = B5892B0729715A0F00355305 /* Pokemon.app */;
			productType = "com.apple.product-type.application";
		};
		B5892B1C29715A1000355305 /* PokemonTests */ = {
			isa = PBXNativeTarget;
			buildConfigurationList = B5892B3429715A1000355305 /* Build configuration list for PBXNativeTarget "PokemonTests" */;
			buildPhases = (
				B5892B1929715A1000355305 /* Sources */,
				B5892B1A29715A1000355305 /* Frameworks */,
				B5892B1B29715A1000355305 /* Resources */,
			);
			buildRules = (
			);
			dependencies = (
				B5892B1F29715A1000355305 /* PBXTargetDependency */,
			);
			name = PokemonTests;
			productName = PokemonTests;
			productReference = B5892B1D29715A1000355305 /* PokemonTests.xctest */;
			productType = "com.apple.product-type.bundle.unit-test";
		};
		B5892B2629715A1000355305 /* PokemonUITests */ = {
			isa = PBXNativeTarget;
			buildConfigurationList = B5892B3729715A1000355305 /* Build configuration list for PBXNativeTarget "PokemonUITests" */;
			buildPhases = (
				B5892B2329715A1000355305 /* Sources */,
				B5892B2429715A1000355305 /* Frameworks */,
				B5892B2529715A1000355305 /* Resources */,
			);
			buildRules = (
			);
			dependencies = (
				B5892B2929715A1000355305 /* PBXTargetDependency */,
			);
			name = PokemonUITests;
			productName = PokemonUITests;
			productReference = B5892B2729715A1000355305 /* PokemonUITests.xctest */;
			productType = "com.apple.product-type.bundle.ui-testing";
		};
/* End PBXNativeTarget section */

/* Begin PBXProject section */
		B5892AFF29715A0F00355305 /* Project object */ = {
			isa = PBXProject;
			attributes = {
				BuildIndependentTargetsInParallel = 1;
				LastSwiftUpdateCheck = 1420;
				LastUpgradeCheck = 1420;
				TargetAttributes = {
					B5892B0629715A0F00355305 = {
						CreatedOnToolsVersion = 14.2;
					};
					B5892B1C29715A1000355305 = {
						CreatedOnToolsVersion = 14.2;
						TestTargetID = B5892B0629715A0F00355305;
					};
					B5892B2629715A1000355305 = {
						CreatedOnToolsVersion = 14.2;
						TestTargetID = B5892B0629715A0F00355305;
					};
				};
			};
			buildConfigurationList = B5892B0229715A0F00355305 /* Build configuration list for PBXProject "Pokemon" */;
			compatibilityVersion = "Xcode 14.0";
			developmentRegion = en;
			hasScannedForEncodings = 0;
			knownRegions = (
				en,
				Base,
			);
			mainGroup = B5892AFE29715A0F00355305;
			productRefGroup = B5892B0829715A0F00355305 /* Products */;
			projectDirPath = "";
			projectRoot = "";
			targets = (
				B5892B0629715A0F00355305 /* Pokemon */,
				B5892B1C29715A1000355305 /* PokemonTests */,
				B5892B2629715A1000355305 /* PokemonUITests */,
			);
		};
/* End PBXProject section */

/* Begin PBXResourcesBuildPhase section */
		B5892B0529715A0F00355305 /* Resources */ = {
			isa = PBXResourcesBuildPhase;
			buildActionMask = 2147483647;
			files = (
				B5892B1729715A1000355305 /* LaunchScreen.storyboard in Resources */,
				B5892B1429715A1000355305 /* Assets.xcassets in Resources */,
			);
			runOnlyForDeploymentPostprocessing = 0;
		};
		B5892B1B29715A1000355305 /* Resources */ = {
			isa = PBXResourcesBuildPhase;
			buildActionMask = 2147483647;
			files = (
			);
			runOnlyForDeploymentPostprocessing = 0;
		};
		B5892B2529715A1000355305 /* Resources */ = {
			isa = PBXResourcesBuildPhase;
			buildActionMask = 2147483647;
			files = (
			);
			runOnlyForDeploymentPostprocessing = 0;
		};
/* End PBXResourcesBuildPhase section */

/* Begin PBXSourcesBuildPhase section */
		B5892B0329715A0F00355305 /* Sources */ = {
			isa = PBXSourcesBuildPhase;
			buildActionMask = 2147483647;
			files = (
				B5892B0F29715A0F00355305 /* ViewController.swift in Sources */,
				B591AE1A297602EC00248492 /* Adapters.swift in Sources */,
				B5892B0B29715A0F00355305 /* AppDelegate.swift in Sources */,
				B5892B0D29715A0F00355305 /* SceneDelegate.swift in Sources */,
			);
			runOnlyForDeploymentPostprocessing = 0;
		};
		B5892B1929715A1000355305 /* Sources */ = {
			isa = PBXSourcesBuildPhase;
			buildActionMask = 2147483647;
			files = (
				B5892B2229715A1000355305 /* PokemonTests.swift in Sources */,
			);
			runOnlyForDeploymentPostprocessing = 0;
		};
		B5892B2329715A1000355305 /* Sources */ = {
			isa = PBXSourcesBuildPhase;
			buildActionMask = 2147483647;
			files = (
				B5892B2E29715A1000355305 /* PokemonUITestsLaunchTests.swift in Sources */,
				B5892B2C29715A1000355305 /* PokemonUITests.swift in Sources */,
			);
			runOnlyForDeploymentPostprocessing = 0;
		};
/* End PBXSourcesBuildPhase section */

/* Begin PBXTargetDependency section */
		B5892B1F29715A1000355305 /* PBXTargetDependency */ = {
			isa = PBXTargetDependency;
			target = B5892B0629715A0F00355305 /* Pokemon */;
			targetProxy = B5892B1E29715A1000355305 /* PBXContainerItemProxy */;
		};
		B5892B2929715A1000355305 /* PBXTargetDependency */ = {
			isa = PBXTargetDependency;
			target = B5892B0629715A0F00355305 /* Pokemon */;
			targetProxy = B5892B2829715A1000355305 /* PBXContainerItemProxy */;
		};
/* End PBXTargetDependency section */

/* Begin PBXVariantGroup section */
		B5892B1529715A1000355305 /* LaunchScreen.storyboard */ = {
			isa = PBXVariantGroup;
			children = (
				B5892B1629715A1000355305 /* Base */,
			);
			name = LaunchScreen.storyboard;
			sourceTree = "<group>";
		};
/* End PBXVariantGroup section */

/* Begin XCBuildConfiguration section */
		B5892B2F29715A1000355305 /* Debug */ = {
			isa = XCBuildConfiguration;
			buildSettings = {
				ALWAYS_SEARCH_USER_PATHS = NO;
				CLANG_ANALYZER_NONNULL = YES;
				CLANG_ANALYZER_NUMBER_OBJECT_CONVERSION = YES_AGGRESSIVE;
				CLANG_CXX_LANGUAGE_STANDARD = "gnu++20";
				CLANG_ENABLE_MODULES = YES;
				CLANG_ENABLE_OBJC_ARC = YES;
				CLANG_ENABLE_OBJC_WEAK = YES;
				CLANG_WARN_BLOCK_CAPTURE_AUTORELEASING = YES;
				CLANG_WARN_BOOL_CONVERSION = YES;
				CLANG_WARN_COMMA = YES;
				CLANG_WARN_CONSTANT_CONVERSION = YES;
				CLANG_WARN_DEPRECATED_OBJC_IMPLEMENTATIONS = YES;
				CLANG_WARN_DIRECT_OBJC_ISA_USAGE = YES_ERROR;
				CLANG_WARN_DOCUMENTATION_COMMENTS = YES;
				CLANG_WARN_EMPTY_BODY = YES;
				CLANG_WARN_ENUM_CONVERSION = YES;
				CLANG_WARN_INFINITE_RECURSION = YES;
				CLANG_WARN_INT_CONVERSION = YES;
				CLANG_WARN_NON_LITERAL_NULL_CONVERSION = YES;
				CLANG_WARN_OBJC_IMPLICIT_RETAIN_SELF = YES;
				CLANG_WARN_OBJC_LITERAL_CONVERSION = YES;
				CLANG_WARN_OBJC_ROOT_CLASS = YES_ERROR;
				CLANG_WARN_QUOTED_INCLUDE_IN_FRAMEWORK_HEADER = YES;
				CLANG_WARN_RANGE_LOOP_ANALYSIS = YES;
				CLANG_WARN_STRICT_PROTOTYPES = YES;
				CLANG_WARN_SUSPICIOUS_MOVE = YES;
				CLANG_WARN_UNGUARDED_AVAILABILITY = YES_AGGRESSIVE;
				CLANG_WARN_UNREACHABLE_CODE = YES;
				CLANG_WARN__DUPLICATE_METHOD_MATCH = YES;
				COPY_PHASE_STRIP = NO;
				DEBUG_INFORMATION_FORMAT = dwarf;
				ENABLE_STRICT_OBJC_MSGSEND = YES;
				ENABLE_TESTABILITY = YES;
				GCC_C_LANGUAGE_STANDARD = gnu11;
				GCC_DYNAMIC_NO_PIC = NO;
				GCC_NO_COMMON_BLOCKS = YES;
				GCC_OPTIMIZATION_LEVEL = 0;
				GCC_PREPROCESSOR_DEFINITIONS = (
					"DEBUG=1",
					"$(inherited)",
				);
				GCC_WARN_64_TO_32_BIT_CONVERSION = YES;
				GCC_WARN_ABOUT_RETURN_TYPE = YES_ERROR;
				GCC_WARN_UNDECLARED_SELECTOR = YES;
				GCC_WARN_UNINITIALIZED_AUTOS = YES_AGGRESSIVE;
				GCC_WARN_UNUSED_FUNCTION = YES;
				GCC_WARN_UNUSED_VARIABLE = YES;
				IPHONEOS_DEPLOYMENT_TARGET = 16.2;
				MTL_ENABLE_DEBUG_INFO = INCLUDE_SOURCE;
				MTL_FAST_MATH = YES;
				ONLY_ACTIVE_ARCH = YES;
				SDKROOT = iphoneos;
				SWIFT_ACTIVE_COMPILATION_CONDITIONS = DEBUG;
				SWIFT_OPTIMIZATION_LEVEL = "-Onone";
			};
			name = Debug;
		};
		B5892B3029715A1000355305 /* Release */ = {
			isa = XCBuildConfiguration;
			buildSettings = {
				ALWAYS_SEARCH_USER_PATHS = NO;
				CLANG_ANALYZER_NONNULL = YES;
				CLANG_ANALYZER_NUMBER_OBJECT_CONVERSION = YES_AGGRESSIVE;
				CLANG_CXX_LANGUAGE_STANDARD = "gnu++20";
				CLANG_ENABLE_MODULES = YES;
				CLANG_ENABLE_OBJC_ARC = YES;
				CLANG_ENABLE_OBJC_WEAK = YES;
				CLANG_WARN_BLOCK_CAPTURE_AUTORELEASING = YES;
				CLANG_WARN_BOOL_CONVERSION = YES;
				CLANG_WARN_COMMA = YES;
				CLANG_WARN_CONSTANT_CONVERSION = YES;
				CLANG_WARN_DEPRECATED_OBJC_IMPLEMENTATIONS = YES;
				CLANG_WARN_DIRECT_OBJC_ISA_USAGE = YES_ERROR;
				CLANG_WARN_DOCUMENTATION_COMMENTS = YES;
				CLANG_WARN_EMPTY_BODY = YES;
				CLANG_WARN_ENUM_CONVERSION = YES;
				CLANG_WARN_INFINITE_RECURSION = YES;
				CLANG_WARN_INT_CONVERSION = YES;
				CLANG_WARN_NON_LITERAL_NULL_CONVERSION = YES;
				CLANG_WARN_OBJC_IMPLICIT_RETAIN_SELF = YES;
				CLANG_WARN_OBJC_LITERAL_CONVERSION = YES;
				CLANG_WARN_OBJC_ROOT_CLASS = YES_ERROR;
				CLANG_WARN_QUOTED_INCLUDE_IN_FRAMEWORK_HEADER = YES;
				CLANG_WARN_RANGE_LOOP_ANALYSIS = YES;
				CLANG_WARN_STRICT_PROTOTYPES = YES;
				CLANG_WARN_SUSPICIOUS_MOVE = YES;
				CLANG_WARN_UNGUARDED_AVAILABILITY = YES_AGGRESSIVE;
				CLANG_WARN_UNREACHABLE_CODE = YES;
				CLANG_WARN__DUPLICATE_METHOD_MATCH = YES;
				COPY_PHASE_STRIP = NO;
				DEBUG_INFORMATION_FORMAT = "dwarf-with-dsym";
				ENABLE_NS_ASSERTIONS = NO;
				ENABLE_STRICT_OBJC_MSGSEND = YES;
				GCC_C_LANGUAGE_STANDARD = gnu11;
				GCC_NO_COMMON_BLOCKS = YES;
				GCC_WARN_64_TO_32_BIT_CONVERSION = YES;
				GCC_WARN_ABOUT_RETURN_TYPE = YES_ERROR;
				GCC_WARN_UNDECLARED_SELECTOR = YES;
				GCC_WARN_UNINITIALIZED_AUTOS = YES_AGGRESSIVE;
				GCC_WARN_UNUSED_FUNCTION = YES;
				GCC_WARN_UNUSED_VARIABLE = YES;
				IPHONEOS_DEPLOYMENT_TARGET = 16.2;
				MTL_ENABLE_DEBUG_INFO = NO;
				MTL_FAST_MATH = YES;
				SDKROOT = iphoneos;
				SWIFT_COMPILATION_MODE = wholemodule;
				SWIFT_OPTIMIZATION_LEVEL = "-O";
				VALIDATE_PRODUCT = YES;
			};
			name = Release;
		};
		B5892B3229715A1000355305 /* Debug */ = {
			isa = XCBuildConfiguration;
			buildSettings = {
				ASSETCATALOG_COMPILER_APPICON_NAME = AppIcon;
				ASSETCATALOG_COMPILER_GLOBAL_ACCENT_COLOR_NAME = AccentColor;
				CODE_SIGN_STYLE = Automatic;
				CURRENT_PROJECT_VERSION = 1;
				GENERATE_INFOPLIST_FILE = YES;
				INFOPLIST_FILE = Pokemon/Info.plist;
				INFOPLIST_KEY_UIApplicationSupportsIndirectInputEvents = YES;
				INFOPLIST_KEY_UILaunchStoryboardName = LaunchScreen;
				INFOPLIST_KEY_UISupportedInterfaceOrientations_iPad = "UIInterfaceOrientationPortrait UIInterfaceOrientationPortraitUpsideDown UIInterfaceOrientationLandscapeLeft UIInterfaceOrientationLandscapeRight";
				INFOPLIST_KEY_UISupportedInterfaceOrientations_iPhone = "UIInterfaceOrientationPortrait UIInterfaceOrientationLandscapeLeft UIInterfaceOrientationLandscapeRight";
				LD_RUNPATH_SEARCH_PATHS = (
					"$(inherited)",
					"@executable_path/Frameworks",
				);
				MARKETING_VERSION = 1.0;
				PRODUCT_BUNDLE_IDENTIFIER = com.br18.Pokemon;
				PRODUCT_NAME = "$(TARGET_NAME)";
				SWIFT_EMIT_LOC_STRINGS = YES;
				SWIFT_VERSION = 5.0;
				TARGETED_DEVICE_FAMILY = "1,2";
			};
			name = Debug;
		};
		B5892B3329715A1000355305 /* Release */ = {
			isa = XCBuildConfiguration;
			buildSettings = {
				ASSETCATALOG_COMPILER_APPICON_NAME = AppIcon;
				ASSETCATALOG_COMPILER_GLOBAL_ACCENT_COLOR_NAME = AccentColor;
				CODE_SIGN_STYLE = Automatic;
				CURRENT_PROJECT_VERSION = 1;
				GENERATE_INFOPLIST_FILE = YES;
				INFOPLIST_FILE = Pokemon/Info.plist;
				INFOPLIST_KEY_UIApplicationSupportsIndirectInputEvents = YES;
				INFOPLIST_KEY_UILaunchStoryboardName = LaunchScreen;
				INFOPLIST_KEY_UISupportedInterfaceOrientations_iPad = "UIInterfaceOrientationPortrait UIInterfaceOrientationPortraitUpsideDown UIInterfaceOrientationLandscapeLeft UIInterfaceOrientationLandscapeRight";
				INFOPLIST_KEY_UISupportedInterfaceOrientations_iPhone = "UIInterfaceOrientationPortrait UIInterfaceOrientationLandscapeLeft UIInterfaceOrientationLandscapeRight";
				LD_RUNPATH_SEARCH_PATHS = (
					"$(inherited)",
					"@executable_path/Frameworks",
				);
				MARKETING_VERSION = 1.0;
				PRODUCT_BUNDLE_IDENTIFIER = com.br18.Pokemon;
				PRODUCT_NAME = "$(TARGET_NAME)";
				SWIFT_EMIT_LOC_STRINGS = YES;
				SWIFT_VERSION = 5.0;
				TARGETED_DEVICE_FAMILY = "1,2";
			};
			name = Release;
		};
		B5892B3529715A1000355305 /* Debug */ = {
			isa = XCBuildConfiguration;
			buildSettings = {
				ALWAYS_EMBED_SWIFT_STANDARD_LIBRARIES = YES;
				BUNDLE_LOADER = "$(TEST_HOST)";
				CODE_SIGN_STYLE = Automatic;
				CURRENT_PROJECT_VERSION = 1;
				GENERATE_INFOPLIST_FILE = YES;
				IPHONEOS_DEPLOYMENT_TARGET = 16.2;
				MARKETING_VERSION = 1.0;
				PRODUCT_BUNDLE_IDENTIFIER = com.br18.PokemonTests;
				PRODUCT_NAME = "$(TARGET_NAME)";
				SWIFT_EMIT_LOC_STRINGS = NO;
				SWIFT_VERSION = 5.0;
				TARGETED_DEVICE_FAMILY = "1,2";
				TEST_HOST = "$(BUILT_PRODUCTS_DIR)/Pokemon.app/$(BUNDLE_EXECUTABLE_FOLDER_PATH)/Pokemon";
			};
			name = Debug;
		};
		B5892B3629715A1000355305 /* Release */ = {
			isa = XCBuildConfiguration;
			buildSettings = {
				ALWAYS_EMBED_SWIFT_STANDARD_LIBRARIES = YES;
				BUNDLE_LOADER = "$(TEST_HOST)";
				CODE_SIGN_STYLE = Automatic;
				CURRENT_PROJECT_VERSION = 1;
				GENERATE_INFOPLIST_FILE = YES;
				IPHONEOS_DEPLOYMENT_TARGET = 16.2;
				MARKETING_VERSION = 1.0;
				PRODUCT_BUNDLE_IDENTIFIER = com.br18.PokemonTests;
				PRODUCT_NAME = "$(TARGET_NAME)";
				SWIFT_EMIT_LOC_STRINGS = NO;
				SWIFT_VERSION = 5.0;
				TARGETED_DEVICE_FAMILY = "1,2";
				TEST_HOST = "$(BUILT_PRODUCTS_DIR)/Pokemon.app/$(BUNDLE_EXECUTABLE_FOLDER_PATH)/Pokemon";
			};
			name = Release;
		};
		B5892B3829715A1000355305 /* Debug */ = {
			isa = XCBuildConfiguration;
			buildSettings = {
				ALWAYS_EMBED_SWIFT_STANDARD_LIBRARIES = YES;
				CODE_SIGN_STYLE = Automatic;
				CURRENT_PROJECT_VERSION = 1;
				GENERATE_INFOPLIST_FILE = YES;
				MARKETING_VERSION = 1.0;
				PRODUCT_BUNDLE_IDENTIFIER = com.br18.PokemonUITests;
				PRODUCT_NAME = "$(TARGET_NAME)";
				SWIFT_EMIT_LOC_STRINGS = NO;
				SWIFT_VERSION = 5.0;
				TARGETED_DEVICE_FAMILY = "1,2";
				TEST_TARGET_NAME = Pokemon;
			};
			name = Debug;
		};
		B5892B3929715A1000355305 /* Release */ = {
			isa = XCBuildConfiguration;
			buildSettings = {
				ALWAYS_EMBED_SWIFT_STANDARD_LIBRARIES = YES;
				CODE_SIGN_STYLE = Automatic;
				CURRENT_PROJECT_VERSION = 1;
				GENERATE_INFOPLIST_FILE = YES;
				MARKETING_VERSION = 1.0;
				PRODUCT_BUNDLE_IDENTIFIER = com.br18.PokemonUITests;
				PRODUCT_NAME = "$(TARGET_NAME)";
				SWIFT_EMIT_LOC_STRINGS = NO;
				SWIFT_VERSION = 5.0;
				TARGETED_DEVICE_FAMILY = "1,2";
				TEST_TARGET_NAME = Pokemon;
			};
			name = Release;
		};
/* End XCBuildConfiguration section */

/* Begin XCConfigurationList section */
		B5892B0229715A0F00355305 /* Build configuration list for PBXProject "Pokemon" */ = {
			isa = XCConfigurationList;
			buildConfigurations = (
				B5892B2F29715A1000355305 /* Debug */,
				B5892B3029715A1000355305 /* Release */,
			);
			defaultConfigurationIsVisible = 0;
			defaultConfigurationName = Release;
		};
		B5892B3129715A1000355305 /* Build configuration list for PBXNativeTarget "Pokemon" */ = {
			isa = XCConfigurationList;
			buildConfigurations = (
				B5892B3229715A1000355305 /* Debug */,
				B5892B3329715A1000355305 /* Release */,
			);
			defaultConfigurationIsVisible = 0;
			defaultConfigurationName = Release;
		};
		B5892B3429715A1000355305 /* Build configuration list for PBXNativeTarget "PokemonTests" */ = {
			isa = XCConfigurationList;
			buildConfigurations = (
				B5892B3529715A1000355305 /* Debug */,
				B5892B3629715A1000355305 /* Release */,
			);
			defaultConfigurationIsVisible = 0;
			defaultConfigurationName = Release;
		};
		B5892B3729715A1000355305 /* Build configuration list for PBXNativeTarget "PokemonUITests" */ = {
			isa = XCConfigurationList;
			buildConfigurations = (
				B5892B3829715A1000355305 /* Debug */,
				B5892B3929715A1000355305 /* Release */,
			);
			defaultConfigurationIsVisible = 0;
			defaultConfigurationName = Release;
		};
/* End XCConfigurationList section */

/* Begin XCSwiftPackageProductDependency section */
		B5478B3C29772303006E08F7 /* PokemonDetailsFeature */ = {
			isa = XCSwiftPackageProductDependency;
			productName = PokemonDetailsFeature;
		};
		B577E5FF2971BCF7005216E3 /* PokemonAPI */ = {
			isa = XCSwiftPackageProductDependency;
			productName = PokemonAPI;
		};
		B591AE15297602A900248492 /* PokemonDomain */ = {
			isa = XCSwiftPackageProductDependency;
			productName = PokemonDomain;
		};
		B591AE17297602A900248492 /* PokemonListFeature */ = {
			isa = XCSwiftPackageProductDependency;
			productName = PokemonListFeature;
		};
/* End XCSwiftPackageProductDependency section */
	};
	rootObject = B5892AFF29715A0F00355305 /* Project object */;
}
